
Microsoft Visual Studio Solution File, Format Version 12.00
# Visual Studio Version 16
VisualStudioVersion = 16.0.32228.343
MinimumVisualStudioVersion = 10.0.40219.1
Project("{8BC9CEB8-8B4A-11D0-8D11-00A0C91BC942}") = "CS162-Project", "CS162-Project\CS162-Project.vcxproj", "{F8F06C5E-B292-4952-9A11-CD01F1AED465}"
EndProject
Project("{8BC9CEB8-8B4A-11D0-8D11-00A0C91BC942}") = "linked-list", "linked-list\linked-list.vcxproj", "{017DAFE9-F3E8-4860-A89E-8FFCD00B5A94}"
EndProject
Project("{8BC9CEB8-8B4A-11D0-8D11-00A0C91BC942}") = "csv", "csv\csv.vcxproj", "{85C88E92-9457-4294-AE1A-6D71845105F1}"
EndProject
Global
	GlobalSection(SolutionConfigurationPlatforms) = preSolution
		Debug|x64 = Debug|x64
		Debug|x86 = Debug|x86
		Release|x64 = Release|x64
		Release|x86 = Release|x86
	EndGlobalSection
	GlobalSection(ProjectConfigurationPlatforms) = postSolution
		{F8F06C5E-B292-4952-9A11-CD01F1AED465}.Debug|x64.ActiveCfg = Debug|x64
		{F8F06C5E-B292-4952-9A11-CD01F1AED465}.Debug|x64.Build.0 = Debug|x64
		{F8F06C5E-B292-4952-9A11-CD01F1AED465}.Debug|x86.ActiveCfg = Debug|Win32
		{F8F06C5E-B292-4952-9A11-CD01F1AED465}.Debug|x86.Build.0 = Debug|Win32
		{F8F06C5E-B292-4952-9A11-CD01F1AED465}.Release|x64.ActiveCfg = Release|x64
		{F8F06C5E-B292-4952-9A11-CD01F1AED465}.Release|x64.Build.0 = Release|x64
		{F8F06C5E-B292-4952-9A11-CD01F1AED465}.Release|x86.ActiveCfg = Release|Win32
		{F8F06C5E-B292-4952-9A11-CD01F1AED465}.Release|x86.Build.0 = Release|Win32
		{017DAFE9-F3E8-4860-A89E-8FFCD00B5A94}.Debug|x64.ActiveCfg = Debug|x64
		{017DAFE9-F3E8-4860-A89E-8FFCD00B5A94}.Debug|x64.Build.0 = Debug|x64
		{017DAFE9-F3E8-4860-A89E-8FFCD00B5A94}.Debug|x86.ActiveCfg = Debug|Win32
		{017DAFE9-F3E8-4860-A89E-8FFCD00B5A94}.Debug|x86.Build.0 = Debug|Win32
		{017DAFE9-F3E8-4860-A89E-8FFCD00B5A94}.Release|x64.ActiveCfg = Release|x64
		{017DAFE9-F3E8-4860-A89E-8FFCD00B5A94}.Release|x64.Build.0 = Release|x64
		{017DAFE9-F3E8-4860-A89E-8FFCD00B5A94}.Release|x86.ActiveCfg = Release|Win32
		{017DAFE9-F3E8-4860-A89E-8FFCD00B5A94}.Release|x86.Build.0 = Release|Win32
		{85C88E92-9457-4294-AE1A-6D71845105F1}.Debug|x64.ActiveCfg = Debug|x64
		{85C88E92-9457-4294-AE1A-6D71845105F1}.Debug|x64.Build.0 = Debug|x64
		{85C88E92-9457-4294-AE1A-6D71845105F1}.Debug|x86.ActiveCfg = Debug|Win32
		{85C88E92-9457-4294-AE1A-6D71845105F1}.Debug|x86.Build.0 = Debug|Win32
		{85C88E92-9457-4294-AE1A-6D71845105F1}.Release|x64.ActiveCfg = Release|x64
		{85C88E92-9457-4294-AE1A-6D71845105F1}.Release|x64.Build.0 = Release|x64
		{85C88E92-9457-4294-AE1A-6D71845105F1}.Release|x86.ActiveCfg = Release|Win32
		{85C88E92-9457-4294-AE1A-6D71845105F1}.Release|x86.Build.0 = Release|Win32
	EndGlobalSection
	GlobalSection(SolutionProperties) = preSolution
		HideSolutionNode = FALSE
	EndGlobalSection
	GlobalSection(ExtensibilityGlobals) = postSolution
		SolutionGuid = {20EFCCC3-9553-4F18-9F67-49C8A220E3C6}
	EndGlobalSection
EndGlobal
